
Microsoft Visual Studio Solution File, Format Version 12.00
# Visual Studio Version 16
VisualStudioVersion = 16.0.28729.10
MinimumVisualStudioVersion = 10.0.40219.1
Project("{8BC9CEB8-8B4A-11D0-8D11-00A0C91BC942}") = "Online Marketplace Management System", "Online Marketplace Management System\Online Marketplace Management System.vcxproj", "{232B613C-2EF0-4C05-BC83-CD84AC356618}"
EndProject
Global
	GlobalSection(SolutionConfigurationPlatforms) = preSolution
		Debug|x64 = Debug|x64
		Debug|x86 = Debug|x86
		Release|x64 = Release|x64
		Release|x86 = Release|x86
	EndGlobalSection
	GlobalSection(ProjectConfigurationPlatforms) = postSolution
		{232B613C-2EF0-4C05-BC83-CD84AC356618}.Debug|x64.ActiveCfg = Debug|x64
		{232B613C-2EF0-4C05-BC83-CD84AC356618}.Debug|x64.Build.0 = Debug|x64
		{232B613C-2EF0-4C05-BC83-CD84AC356618}.Debug|x86.ActiveCfg = Debug|Win32
		{232B613C-2EF0-4C05-BC83-CD84AC356618}.Debug|x86.Build.0 = Debug|Win32
		{232B613C-2EF0-4C05-BC83-CD84AC356618}.Release|x64.ActiveCfg = Release|x64
		{232B613C-2EF0-4C05-BC83-CD84AC356618}.Release|x64.Build.0 = Release|x64
		{232B613C-2EF0-4C05-BC83-CD84AC356618}.Release|x86.ActiveCfg = Release|Win32
		{232B613C-2EF0-4C05-BC83-CD84AC356618}.Release|x86.Build.0 = Release|Win32
	EndGlobalSection
	GlobalSection(SolutionProperties) = preSolution
		HideSolutionNode = FALSE
	EndGlobalSection
	GlobalSection(ExtensibilityGlobals) = postSolution
		SolutionGuid = {D965A211-B4A4-4634-95DF-18C9D2A1AA82}
	EndGlobalSection
EndGlobal
